{
  "name": "ttymi-contracts",
  "version": "2.0.0",
  "lockfileVersion": 1,
  "requires": true,
  "dependencies": {
    "core-js": {
      "version": "2.5.7",
      "resolved": "https://registry.npmjs.org/core-js/-/core-js-2.5.7.tgz",
      "integrity": "sha512-RszJCAxg/PP6uzXVXL6BsxSXx/B05oJAQ2vkJRjyjrEcNVycaqOmNb5OTxZPE3xa5gwZduqza6L9JOCenh/Ecw==",
      "dev": true
    },
    "typed-contracts": {
      "version": "1.1.0",
      "resolved": "https://registry.npmjs.org/typed-contracts/-/typed-contracts-1.1.0.tgz",
      "integrity": "sha512-rPvxwio1bout9cygiyfbsOQ1y3lVkK7ykQQNR7E5FTQhJb/ylDpD75B3lmwxVJun8+Q/6Ha/0QNTfnMd/7qMuQ==",
      "dev": true,
      "requires": {
        "core-js": "^2.5.7"
      }
    }
  }
}
